
Microsoft Visual Studio Solution File, Format Version 12.00
# Visual Studio Version 17
VisualStudioVersion = 17.4.33205.214
MinimumVisualStudioVersion = 10.0.40219.1
Project("{8BC9CEB8-8B4A-11D0-8D11-00A0C91BC942}") = "Internal SDK", "Source Engine.vcxproj", "{9C6EEE4C-39E8-4AAE-A929-F8BDA49F890B}"
EndProject
Global
	GlobalSection(SolutionConfigurationPlatforms) = preSolution
		Debug|x64 = Debug|x64
		Debug|x86 = Debug|x86
		Release|x64 = Release|x64
		Release|x86 = Release|x86
	EndGlobalSection
	GlobalSection(ProjectConfigurationPlatforms) = postSolution
		{9C6EEE4C-39E8-4AAE-A929-F8BDA49F890B}.Debug|x64.ActiveCfg = Debug|x64
		{9C6EEE4C-39E8-4AAE-A929-F8BDA49F890B}.Debug|x64.Build.0 = Debug|x64
		{9C6EEE4C-39E8-4AAE-A929-F8BDA49F890B}.Debug|x86.ActiveCfg = Debug|Win32
		{9C6EEE4C-39E8-4AAE-A929-F8BDA49F890B}.Debug|x86.Build.0 = Debug|Win32
		{9C6EEE4C-39E8-4AAE-A929-F8BDA49F890B}.Release|x64.ActiveCfg = Release|x64
		{9C6EEE4C-39E8-4AAE-A929-F8BDA49F890B}.Release|x64.Build.0 = Release|x64
		{9C6EEE4C-39E8-4AAE-A929-F8BDA49F890B}.Release|x86.ActiveCfg = Release|Win32
		{9C6EEE4C-39E8-4AAE-A929-F8BDA49F890B}.Release|x86.Build.0 = Release|Win32
	EndGlobalSection
	GlobalSection(SolutionProperties) = preSolution
		HideSolutionNode = FALSE
	EndGlobalSection
	GlobalSection(ExtensibilityGlobals) = postSolution
		SolutionGuid = {234D0C0A-18E7-43A4-A4BC-3CD11B61D4C1}
	EndGlobalSection
EndGlobal
